
Microsoft Visual Studio Solution File, Format Version 12.00
# Visual Studio Version 16
VisualStudioVersion = 16.0.30621.155
MinimumVisualStudioVersion = 10.0.40219.1
Project("{8BC9CEB8-8B4A-11D0-8D11-00A0C91BC942}") = "lab_13.2", "lab_13.2.vcxproj", "{CAB6252D-5514-4B34-B71B-1E8FE9A91245}"
EndProject
Global
	GlobalSection(SolutionConfigurationPlatforms) = preSolution
		Debug|x64 = Debug|x64
		Debug|x86 = Debug|x86
		Release|x64 = Release|x64
		Release|x86 = Release|x86
	EndGlobalSection
	GlobalSection(ProjectConfigurationPlatforms) = postSolution
		{CAB6252D-5514-4B34-B71B-1E8FE9A91245}.Debug|x64.ActiveCfg = Debug|x64
		{CAB6252D-5514-4B34-B71B-1E8FE9A91245}.Debug|x64.Build.0 = Debug|x64
		{CAB6252D-5514-4B34-B71B-1E8FE9A91245}.Debug|x86.ActiveCfg = Debug|Win32
		{CAB6252D-5514-4B34-B71B-1E8FE9A91245}.Debug|x86.Build.0 = Debug|Win32
		{CAB6252D-5514-4B34-B71B-1E8FE9A91245}.Release|x64.ActiveCfg = Release|x64
		{CAB6252D-5514-4B34-B71B-1E8FE9A91245}.Release|x64.Build.0 = Release|x64
		{CAB6252D-5514-4B34-B71B-1E8FE9A91245}.Release|x86.ActiveCfg = Release|Win32
		{CAB6252D-5514-4B34-B71B-1E8FE9A91245}.Release|x86.Build.0 = Release|Win32
	EndGlobalSection
	GlobalSection(SolutionProperties) = preSolution
		HideSolutionNode = FALSE
	EndGlobalSection
	GlobalSection(ExtensibilityGlobals) = postSolution
		SolutionGuid = {834E8C33-E785-49B5-8192-335D09D9DC24}
	EndGlobalSection
EndGlobal
